// !$*UTF8*$!
{
	archiveVersion = 1;
	classes = {
	};
	objectVersion = 46;
	objects = {

/* Begin PBXBuildFile section */
		193B51B918890CEE00364DBD /* Content.m in Sources */ = {isa = PBXBuildFile; fileRef = 196251701889071900448004 /* Content.m */; };
		193B51BB18890CEE00364DBD /* ProfileManager.m in Sources */ = {isa = PBXBuildFile; fileRef = 196251691888FDDE00448004 /* ProfileManager.m */; };
		193B51BC18890CEE00364DBD /* ViewController.m in Sources */ = {isa = PBXBuildFile; fileRef = 1962513B1888FC6E00448004 /* ViewController.m */; };
		193B51BD18890CEE00364DBD /* IntroductionViewController.m in Sources */ = {isa = PBXBuildFile; fileRef = 1962515C1888FD2500448004 /* IntroductionViewController.m */; };
		193B51BE18890CEE00364DBD /* NavigationViewController.m in Sources */ = {isa = PBXBuildFile; fileRef = 1962515E1888FD2500448004 /* NavigationViewController.m */; };
		193B51BF18890CEE00364DBD /* NewProfileViewController.m in Sources */ = {isa = PBXBuildFile; fileRef = 196251601888FD2500448004 /* NewProfileViewController.m */; };
		193B51C018890CEE00364DBD /* SelectProfileViewController.m in Sources */ = {isa = PBXBuildFile; fileRef = 196251621888FD2500448004 /* SelectProfileViewController.m */; };
		193B51C118890CEE00364DBD /* AppDelegate.m in Sources */ = {isa = PBXBuildFile; fileRef = 196251321888FC6E00448004 /* AppDelegate.m */; };
		193B51C218890CEE00364DBD /* main.m in Sources */ = {isa = PBXBuildFile; fileRef = 1962512E1888FC6E00448004 /* main.m */; };
		193B51C418890E2900364DBD /* ContentManager.m in Sources */ = {isa = PBXBuildFile; fileRef = 196251721889071900448004 /* ContentManager.m */; };
		193B51C61889182400364DBD /* dog2.JPG in Resources */ = {isa = PBXBuildFile; fileRef = 193B51C51889182400364DBD /* dog2.JPG */; };
		196251231888FC6E00448004 /* Foundation.framework in Frameworks */ = {isa = PBXBuildFile; fileRef = 196251221888FC6E00448004 /* Foundation.framework */; };
		196251251888FC6E00448004 /* CoreGraphics.framework in Frameworks */ = {isa = PBXBuildFile; fileRef = 196251241888FC6E00448004 /* CoreGraphics.framework */; };
		196251271888FC6E00448004 /* UIKit.framework in Frameworks */ = {isa = PBXBuildFile; fileRef = 196251261888FC6E00448004 /* UIKit.framework */; };
		1962512D1888FC6E00448004 /* InfoPlist.strings in Resources */ = {isa = PBXBuildFile; fileRef = 1962512B1888FC6E00448004 /* InfoPlist.strings */; };
		196251391888FC6E00448004 /* Main_iPad.storyboard in Resources */ = {isa = PBXBuildFile; fileRef = 196251371888FC6E00448004 /* Main_iPad.storyboard */; };
		1962513E1888FC6E00448004 /* Images.xcassets in Resources */ = {isa = PBXBuildFile; fileRef = 1962513D1888FC6E00448004 /* Images.xcassets */; };
		196251451888FC6E00448004 /* XCTest.framework in Frameworks */ = {isa = PBXBuildFile; fileRef = 196251441888FC6E00448004 /* XCTest.framework */; };
		196251461888FC6E00448004 /* Foundation.framework in Frameworks */ = {isa = PBXBuildFile; fileRef = 196251221888FC6E00448004 /* Foundation.framework */; };
		196251471888FC6E00448004 /* UIKit.framework in Frameworks */ = {isa = PBXBuildFile; fileRef = 196251261888FC6E00448004 /* UIKit.framework */; };
		1962514F1888FC6E00448004 /* InfoPlist.strings in Resources */ = {isa = PBXBuildFile; fileRef = 1962514D1888FC6E00448004 /* InfoPlist.strings */; };
		196251511888FC6E00448004 /* MMAppTests.m in Sources */ = {isa = PBXBuildFile; fileRef = 196251501888FC6E00448004 /* MMAppTests.m */; };
		1962516E1889037800448004 /* dog.jpg in Resources */ = {isa = PBXBuildFile; fileRef = 1962516D1889037800448004 /* dog.jpg */; };
		196251781889074200448004 /* Contents.json in Resources */ = {isa = PBXBuildFile; fileRef = 196251771889074200448004 /* Contents.json */; };
		1962517C1889081300448004 /* JSONKit.m in Sources */ = {isa = PBXBuildFile; fileRef = 1962517B1889081300448004 /* JSONKit.m */; settings = {COMPILER_FLAGS = "-fno-objc-arc"; }; };
/* End PBXBuildFile section */

/* Begin PBXContainerItemProxy section */
		196251481888FC6E00448004 /* PBXContainerItemProxy */ = {
			isa = PBXContainerItemProxy;
			containerPortal = 196251171888FC6E00448004 /* Project object */;
			proxyType = 1;
			remoteGlobalIDString = 1962511E1888FC6E00448004;
			remoteInfo = MMApp;
		};
/* End PBXContainerItemProxy section */

/* Begin PBXFileReference section */
		193B51C51889182400364DBD /* dog2.JPG */ = {isa = PBXFileReference; lastKnownFileType = image.jpeg; path = dog2.JPG; sourceTree = "<group>"; };
		1962511F1888FC6E00448004 /* MMApp.app */ = {isa = PBXFileReference; explicitFileType = wrapper.application; includeInIndex = 0; path = MMApp.app; sourceTree = BUILT_PRODUCTS_DIR; };
		196251221888FC6E00448004 /* Foundation.framework */ = {isa = PBXFileReference; lastKnownFileType = wrapper.framework; name = Foundation.framework; path = System/Library/Frameworks/Foundation.framework; sourceTree = SDKROOT; };
		196251241888FC6E00448004 /* CoreGraphics.framework */ = {isa = PBXFileReference; lastKnownFileType = wrapper.framework; name = CoreGraphics.framework; path = System/Library/Frameworks/CoreGraphics.framework; sourceTree = SDKROOT; };
		196251261888FC6E00448004 /* UIKit.framework */ = {isa = PBXFileReference; lastKnownFileType = wrapper.framework; name = UIKit.framework; path = System/Library/Frameworks/UIKit.framework; sourceTree = SDKROOT; };
		1962512A1888FC6E00448004 /* MMApp-Info.plist */ = {isa = PBXFileReference; lastKnownFileType = text.plist.xml; path = "MMApp-Info.plist"; sourceTree = "<group>"; };
		1962512C1888FC6E00448004 /* en */ = {isa = PBXFileReference; lastKnownFileType = text.plist.strings; name = en; path = en.lproj/InfoPlist.strings; sourceTree = "<group>"; };
		1962512E1888FC6E00448004 /* main.m */ = {isa = PBXFileReference; lastKnownFileType = sourcecode.c.objc; path = main.m; sourceTree = "<group>"; };
		196251301888FC6E00448004 /* MMApp-Prefix.pch */ = {isa = PBXFileReference; lastKnownFileType = sourcecode.c.h; path = "MMApp-Prefix.pch"; sourceTree = "<group>"; };
		196251311888FC6E00448004 /* AppDelegate.h */ = {isa = PBXFileReference; lastKnownFileType = sourcecode.c.h; path = AppDelegate.h; sourceTree = "<group>"; };
		196251321888FC6E00448004 /* AppDelegate.m */ = {isa = PBXFileReference; lastKnownFileType = sourcecode.c.objc; path = AppDelegate.m; sourceTree = "<group>"; };
		196251381888FC6E00448004 /* Base */ = {isa = PBXFileReference; lastKnownFileType = file.storyboard; name = Base; path = Base.lproj/Main_iPad.storyboard; sourceTree = "<group>"; };
		1962513A1888FC6E00448004 /* ViewController.h */ = {isa = PBXFileReference; lastKnownFileType = sourcecode.c.h; path = ViewController.h; sourceTree = "<group>"; };
		1962513B1888FC6E00448004 /* ViewController.m */ = {isa = PBXFileReference; lastKnownFileType = sourcecode.c.objc; path = ViewController.m; sourceTree = "<group>"; };
		1962513D1888FC6E00448004 /* Images.xcassets */ = {isa = PBXFileReference; lastKnownFileType = folder.assetcatalog; path = Images.xcassets; sourceTree = "<group>"; };
		196251431888FC6E00448004 /* MMAppTests.xctest */ = {isa = PBXFileReference; explicitFileType = wrapper.cfbundle; includeInIndex = 0; path = MMAppTests.xctest; sourceTree = BUILT_PRODUCTS_DIR; };
		196251441888FC6E00448004 /* XCTest.framework */ = {isa = PBXFileReference; lastKnownFileType = wrapper.framework; name = XCTest.framework; path = Library/Frameworks/XCTest.framework; sourceTree = DEVELOPER_DIR; };
		1962514C1888FC6E00448004 /* MMAppTests-Info.plist */ = {isa = PBXFileReference; lastKnownFileType = text.plist.xml; path = "MMAppTests-Info.plist"; sourceTree = "<group>"; };
		1962514E1888FC6E00448004 /* en */ = {isa = PBXFileReference; lastKnownFileType = text.plist.strings; name = en; path = en.lproj/InfoPlist.strings; sourceTree = "<group>"; };
		196251501888FC6E00448004 /* MMAppTests.m */ = {isa = PBXFileReference; lastKnownFileType = sourcecode.c.objc; path = MMAppTests.m; sourceTree = "<group>"; };
		1962515B1888FD2500448004 /* IntroductionViewController.h */ = {isa = PBXFileReference; fileEncoding = 4; lastKnownFileType = sourcecode.c.h; path = IntroductionViewController.h; sourceTree = "<group>"; };
		1962515C1888FD2500448004 /* IntroductionViewController.m */ = {isa = PBXFileReference; fileEncoding = 4; lastKnownFileType = sourcecode.c.objc; path = IntroductionViewController.m; sourceTree = "<group>"; };
		1962515D1888FD2500448004 /* NavigationViewController.h */ = {isa = PBXFileReference; fileEncoding = 4; lastKnownFileType = sourcecode.c.h; path = NavigationViewController.h; sourceTree = "<group>"; };
		1962515E1888FD2500448004 /* NavigationViewController.m */ = {isa = PBXFileReference; fileEncoding = 4; lastKnownFileType = sourcecode.c.objc; path = NavigationViewController.m; sourceTree = "<group>"; };
		1962515F1888FD2500448004 /* NewProfileViewController.h */ = {isa = PBXFileReference; fileEncoding = 4; lastKnownFileType = sourcecode.c.h; path = NewProfileViewController.h; sourceTree = "<group>"; };
		196251601888FD2500448004 /* NewProfileViewController.m */ = {isa = PBXFileReference; fileEncoding = 4; lastKnownFileType = sourcecode.c.objc; path = NewProfileViewController.m; sourceTree = "<group>"; };
		196251611888FD2500448004 /* SelectProfileViewController.h */ = {isa = PBXFileReference; fileEncoding = 4; lastKnownFileType = sourcecode.c.h; path = SelectProfileViewController.h; sourceTree = "<group>"; };
		196251621888FD2500448004 /* SelectProfileViewController.m */ = {isa = PBXFileReference; fileEncoding = 4; lastKnownFileType = sourcecode.c.objc; path = SelectProfileViewController.m; sourceTree = "<group>"; };
		196251681888FDDE00448004 /* ProfileManager.h */ = {isa = PBXFileReference; fileEncoding = 4; lastKnownFileType = sourcecode.c.h; path = ProfileManager.h; sourceTree = "<group>"; };
		196251691888FDDE00448004 /* ProfileManager.m */ = {isa = PBXFileReference; fileEncoding = 4; lastKnownFileType = sourcecode.c.objc; path = ProfileManager.m; sourceTree = "<group>"; };
		1962516D1889037800448004 /* dog.jpg */ = {isa = PBXFileReference; lastKnownFileType = image.jpeg; path = dog.jpg; sourceTree = "<group>"; };
		1962516F1889071900448004 /* Content.h */ = {isa = PBXFileReference; fileEncoding = 4; lastKnownFileType = sourcecode.c.h; path = Content.h; sourceTree = "<group>"; };
		196251701889071900448004 /* Content.m */ = {isa = PBXFileReference; fileEncoding = 4; lastKnownFileType = sourcecode.c.objc; path = Content.m; sourceTree = "<group>"; };
		196251711889071900448004 /* ContentManager.h */ = {isa = PBXFileReference; fileEncoding = 4; lastKnownFileType = sourcecode.c.h; path = ContentManager.h; sourceTree = "<group>"; };
		196251721889071900448004 /* ContentManager.m */ = {isa = PBXFileReference; fileEncoding = 4; lastKnownFileType = sourcecode.c.objc; path = ContentManager.m; sourceTree = "<group>"; };
		196251771889074200448004 /* Contents.json */ = {isa = PBXFileReference; fileEncoding = 4; lastKnownFileType = text.json; path = Contents.json; sourceTree = "<group>"; };
		1962517A1889081300448004 /* JSONKit.h */ = {isa = PBXFileReference; fileEncoding = 4; lastKnownFileType = sourcecode.c.h; path = JSONKit.h; sourceTree = "<group>"; };
		1962517B1889081300448004 /* JSONKit.m */ = {isa = PBXFileReference; fileEncoding = 4; lastKnownFileType = sourcecode.c.objc; path = JSONKit.m; sourceTree = "<group>"; };
/* End PBXFileReference section */

/* Begin PBXFrameworksBuildPhase section */
		1962511C1888FC6E00448004 /* Frameworks */ = {
			isa = PBXFrameworksBuildPhase;
			buildActionMask = 2147483647;
			files = (
				196251251888FC6E00448004 /* CoreGraphics.framework in Frameworks */,
				196251271888FC6E00448004 /* UIKit.framework in Frameworks */,
				196251231888FC6E00448004 /* Foundation.framework in Frameworks */,
			);
			runOnlyForDeploymentPostprocessing = 0;
		};
		196251401888FC6E00448004 /* Frameworks */ = {
			isa = PBXFrameworksBuildPhase;
			buildActionMask = 2147483647;
			files = (
				196251451888FC6E00448004 /* XCTest.framework in Frameworks */,
				196251471888FC6E00448004 /* UIKit.framework in Frameworks */,
				196251461888FC6E00448004 /* Foundation.framework in Frameworks */,
			);
			runOnlyForDeploymentPostprocessing = 0;
		};
/* End PBXFrameworksBuildPhase section */

/* Begin PBXGroup section */
		196251161888FC6E00448004 = {
			isa = PBXGroup;
			children = (
				196251281888FC6E00448004 /* MMApp */,
				1962514A1888FC6E00448004 /* MMAppTests */,
				196251211888FC6E00448004 /* Frameworks */,
				196251201888FC6E00448004 /* Products */,
			);
			sourceTree = "<group>";
		};
		196251201888FC6E00448004 /* Products */ = {
			isa = PBXGroup;
			children = (
				1962511F1888FC6E00448004 /* MMApp.app */,
				196251431888FC6E00448004 /* MMAppTests.xctest */,
			);
			name = Products;
			sourceTree = "<group>";
		};
		196251211888FC6E00448004 /* Frameworks */ = {
			isa = PBXGroup;
			children = (
				196251221888FC6E00448004 /* Foundation.framework */,
				196251241888FC6E00448004 /* CoreGraphics.framework */,
				196251261888FC6E00448004 /* UIKit.framework */,
				196251441888FC6E00448004 /* XCTest.framework */,
			);
			name = Frameworks;
			sourceTree = "<group>";
		};
		196251281888FC6E00448004 /* MMApp */ = {
			isa = PBXGroup;
			children = (
				19625179188907EF00448004 /* Utilities */,
				196251751889071E00448004 /* Entities */,
				1962516B1889033900448004 /* Resources */,
				196251671888FDD100448004 /* Manager */,
				1962515A1888FD0D00448004 /* ViewController */,
				196251311888FC6E00448004 /* AppDelegate.h */,
				196251321888FC6E00448004 /* AppDelegate.m */,
				196251371888FC6E00448004 /* Main_iPad.storyboard */,
				1962513D1888FC6E00448004 /* Images.xcassets */,
				196251291888FC6E00448004 /* Supporting Files */,
			);
			path = MMApp;
			sourceTree = "<group>";
		};
		196251291888FC6E00448004 /* Supporting Files */ = {
			isa = PBXGroup;
			children = (
				1962512A1888FC6E00448004 /* MMApp-Info.plist */,
				1962512B1888FC6E00448004 /* InfoPlist.strings */,
				1962512E1888FC6E00448004 /* main.m */,
				196251301888FC6E00448004 /* MMApp-Prefix.pch */,
			);
			name = "Supporting Files";
			sourceTree = "<group>";
		};
		1962514A1888FC6E00448004 /* MMAppTests */ = {
			isa = PBXGroup;
			children = (
				196251501888FC6E00448004 /* MMAppTests.m */,
				1962514B1888FC6E00448004 /* Supporting Files */,
			);
			path = MMAppTests;
			sourceTree = "<group>";
		};
		1962514B1888FC6E00448004 /* Supporting Files */ = {
			isa = PBXGroup;
			children = (
				1962514C1888FC6E00448004 /* MMAppTests-Info.plist */,
				1962514D1888FC6E00448004 /* InfoPlist.strings */,
			);
			name = "Supporting Files";
			sourceTree = "<group>";
		};
		1962515A1888FD0D00448004 /* ViewController */ = {
			isa = PBXGroup;
			children = (
				1962513A1888FC6E00448004 /* ViewController.h */,
				1962513B1888FC6E00448004 /* ViewController.m */,
				1962515B1888FD2500448004 /* IntroductionViewController.h */,
				1962515C1888FD2500448004 /* IntroductionViewController.m */,
				1962515D1888FD2500448004 /* NavigationViewController.h */,
				1962515E1888FD2500448004 /* NavigationViewController.m */,
				1962515F1888FD2500448004 /* NewProfileViewController.h */,
				196251601888FD2500448004 /* NewProfileViewController.m */,
				196251611888FD2500448004 /* SelectProfileViewController.h */,
				196251621888FD2500448004 /* SelectProfileViewController.m */,
			);
			name = ViewController;
			sourceTree = "<group>";
		};
		196251671888FDD100448004 /* Manager */ = {
			isa = PBXGroup;
			children = (
				196251711889071900448004 /* ContentManager.h */,
				196251721889071900448004 /* ContentManager.m */,
				196251681888FDDE00448004 /* ProfileManager.h */,
				196251691888FDDE00448004 /* ProfileManager.m */,
			);
			name = Manager;
			sourceTree = "<group>";
		};
		1962516B1889033900448004 /* Resources */ = {
			isa = PBXGroup;
			children = (
				196251761889073600448004 /* Entities */,
				1962516C1889034100448004 /* BackgroundImages */,
			);
			name = Resources;
			sourceTree = "<group>";
		};
		1962516C1889034100448004 /* BackgroundImages */ = {
			isa = PBXGroup;
			children = (
				193B51C51889182400364DBD /* dog2.JPG */,
				1962516D1889037800448004 /* dog.jpg */,
			);
			name = BackgroundImages;
			sourceTree = "<group>";
		};
		196251751889071E00448004 /* Entities */ = {
			isa = PBXGroup;
			children = (
				1962516F1889071900448004 /* Content.h */,
				196251701889071900448004 /* Content.m */,
			);
			name = Entities;
			sourceTree = "<group>";
		};
		196251761889073600448004 /* Entities */ = {
			isa = PBXGroup;
			children = (
				196251771889074200448004 /* Contents.json */,
			);
			name = Entities;
			sourceTree = "<group>";
		};
		19625179188907EF00448004 /* Utilities */ = {
			isa = PBXGroup;
			children = (
				1962517A1889081300448004 /* JSONKit.h */,
				1962517B1889081300448004 /* JSONKit.m */,
			);
			name = Utilities;
			sourceTree = "<group>";
		};
/* End PBXGroup section */

/* Begin PBXNativeTarget section */
		1962511E1888FC6E00448004 /* MMApp */ = {
			isa = PBXNativeTarget;
			buildConfigurationList = 196251541888FC6E00448004 /* Build configuration list for PBXNativeTarget "MMApp" */;
			buildPhases = (
				1962511B1888FC6E00448004 /* Sources */,
				1962511C1888FC6E00448004 /* Frameworks */,
				1962511D1888FC6E00448004 /* Resources */,
			);
			buildRules = (
			);
			dependencies = (
			);
			name = MMApp;
			productName = MMApp;
			productReference = 1962511F1888FC6E00448004 /* MMApp.app */;
			productType = "com.apple.product-type.application";
		};
		196251421888FC6E00448004 /* MMAppTests */ = {
			isa = PBXNativeTarget;
			buildConfigurationList = 196251571888FC6E00448004 /* Build configuration list for PBXNativeTarget "MMAppTests" */;
			buildPhases = (
				1962513F1888FC6E00448004 /* Sources */,
				196251401888FC6E00448004 /* Frameworks */,
				196251411888FC6E00448004 /* Resources */,
			);
			buildRules = (
			);
			dependencies = (
				196251491888FC6E00448004 /* PBXTargetDependency */,
			);
			name = MMAppTests;
			productName = MMAppTests;
			productReference = 196251431888FC6E00448004 /* MMAppTests.xctest */;
			productType = "com.apple.product-type.bundle.unit-test";
		};
/* End PBXNativeTarget section */

/* Begin PBXProject section */
		196251171888FC6E00448004 /* Project object */ = {
			isa = PBXProject;
			attributes = {
				LastUpgradeCheck = 0500;
				ORGANIZATIONNAME = "Arno in Wolde Lübke";
				TargetAttributes = {
					196251421888FC6E00448004 = {
						TestTargetID = 1962511E1888FC6E00448004;
					};
				};
			};
			buildConfigurationList = 1962511A1888FC6E00448004 /* Build configuration list for PBXProject "MMApp" */;
			compatibilityVersion = "Xcode 3.2";
			developmentRegion = English;
			hasScannedForEncodings = 0;
			knownRegions = (
				en,
				Base,
			);
			mainGroup = 196251161888FC6E00448004;
			productRefGroup = 196251201888FC6E00448004 /* Products */;
			projectDirPath = "";
			projectRoot = "";
			targets = (
				1962511E1888FC6E00448004 /* MMApp */,
				196251421888FC6E00448004 /* MMAppTests */,
			);
		};
/* End PBXProject section */

/* Begin PBXResourcesBuildPhase section */
		1962511D1888FC6E00448004 /* Resources */ = {
			isa = PBXResourcesBuildPhase;
			buildActionMask = 2147483647;
			files = (
				196251781889074200448004 /* Contents.json in Resources */,
				1962516E1889037800448004 /* dog.jpg in Resources */,
				196251391888FC6E00448004 /* Main_iPad.storyboard in Resources */,
				193B51C61889182400364DBD /* dog2.JPG in Resources */,
				1962513E1888FC6E00448004 /* Images.xcassets in Resources */,
				1962512D1888FC6E00448004 /* InfoPlist.strings in Resources */,
			);
			runOnlyForDeploymentPostprocessing = 0;
		};
		196251411888FC6E00448004 /* Resources */ = {
			isa = PBXResourcesBuildPhase;
			buildActionMask = 2147483647;
			files = (
				1962514F1888FC6E00448004 /* InfoPlist.strings in Resources */,
			);
			runOnlyForDeploymentPostprocessing = 0;
		};
/* End PBXResourcesBuildPhase section */

/* Begin PBXSourcesBuildPhase section */
		1962511B1888FC6E00448004 /* Sources */ = {
			isa = PBXSourcesBuildPhase;
			buildActionMask = 2147483647;
			files = (
				193B51C418890E2900364DBD /* ContentManager.m in Sources */,
				193B51B918890CEE00364DBD /* Content.m in Sources */,
				193B51BB18890CEE00364DBD /* ProfileManager.m in Sources */,
				193B51BC18890CEE00364DBD /* ViewController.m in Sources */,
				193B51BD18890CEE00364DBD /* IntroductionViewController.m in Sources */,
				193B51BE18890CEE00364DBD /* NavigationViewController.m in Sources */,
				193B51BF18890CEE00364DBD /* NewProfileViewController.m in Sources */,
				193B51C018890CEE00364DBD /* SelectProfileViewController.m in Sources */,
				193B51C118890CEE00364DBD /* AppDelegate.m in Sources */,
				193B51C218890CEE00364DBD /* main.m in Sources */,
				1962517C1889081300448004 /* JSONKit.m in Sources */,
			);
			runOnlyForDeploymentPostprocessing = 0;
		};
		1962513F1888FC6E00448004 /* Sources */ = {
			isa = PBXSourcesBuildPhase;
			buildActionMask = 2147483647;
			files = (
				196251511888FC6E00448004 /* MMAppTests.m in Sources */,
			);
			runOnlyForDeploymentPostprocessing = 0;
		};
/* End PBXSourcesBuildPhase section */

/* Begin PBXTargetDependency section */
		196251491888FC6E00448004 /* PBXTargetDependency */ = {
			isa = PBXTargetDependency;
			target = 1962511E1888FC6E00448004 /* MMApp */;
			targetProxy = 196251481888FC6E00448004 /* PBXContainerItemProxy */;
		};
/* End PBXTargetDependency section */

/* Begin PBXVariantGroup section */
		1962512B1888FC6E00448004 /* InfoPlist.strings */ = {
			isa = PBXVariantGroup;
			children = (
				1962512C1888FC6E00448004 /* en */,
			);
			name = InfoPlist.strings;
			sourceTree = "<group>";
		};
		196251371888FC6E00448004 /* Main_iPad.storyboard */ = {
			isa = PBXVariantGroup;
			children = (
				196251381888FC6E00448004 /* Base */,
			);
			name = Main_iPad.storyboard;
			sourceTree = "<group>";
		};
		1962514D1888FC6E00448004 /* InfoPlist.strings */ = {
			isa = PBXVariantGroup;
			children = (
				1962514E1888FC6E00448004 /* en */,
			);
			name = InfoPlist.strings;
			sourceTree = "<group>";
		};
/* End PBXVariantGroup section */

/* Begin XCBuildConfiguration section */
		196251521888FC6E00448004 /* Debug */ = {
			isa = XCBuildConfiguration;
			buildSettings = {
				ALWAYS_SEARCH_USER_PATHS = NO;
				CLANG_CXX_LANGUAGE_STANDARD = "gnu++0x";
				CLANG_CXX_LIBRARY = "libc++";
				CLANG_ENABLE_MODULES = YES;
				CLANG_ENABLE_OBJC_ARC = YES;
				CLANG_WARN_BOOL_CONVERSION = YES;
				CLANG_WARN_CONSTANT_CONVERSION = YES;
				CLANG_WARN_DIRECT_OBJC_ISA_USAGE = YES_ERROR;
				CLANG_WARN_EMPTY_BODY = YES;
				CLANG_WARN_ENUM_CONVERSION = YES;
				CLANG_WARN_INT_CONVERSION = YES;
				CLANG_WARN_OBJC_ROOT_CLASS = YES_ERROR;
				CLANG_WARN__DUPLICATE_METHOD_MATCH = YES;
				"CODE_SIGN_IDENTITY[sdk=iphoneos*]" = "iPhone Developer";
				COPY_PHASE_STRIP = NO;
				GCC_C_LANGUAGE_STANDARD = gnu99;
				GCC_DYNAMIC_NO_PIC = NO;
				GCC_OPTIMIZATION_LEVEL = 0;
				GCC_PREPROCESSOR_DEFINITIONS = (
					"DEBUG=1",
					"$(inherited)",
				);
				GCC_SYMBOLS_PRIVATE_EXTERN = NO;
				GCC_WARN_64_TO_32_BIT_CONVERSION = YES;
				GCC_WARN_ABOUT_RETURN_TYPE = YES_ERROR;
				GCC_WARN_UNDECLARED_SELECTOR = YES;
				GCC_WARN_UNINITIALIZED_AUTOS = YES;
				GCC_WARN_UNUSED_FUNCTION = YES;
				GCC_WARN_UNUSED_VARIABLE = YES;
				IPHONEOS_DEPLOYMENT_TARGET = 7.0;
				ONLY_ACTIVE_ARCH = YES;
				SDKROOT = iphoneos;
				TARGETED_DEVICE_FAMILY = "1,2";
			};
			name = Debug;
		};
		196251531888FC6E00448004 /* Release */ = {
			isa = XCBuildConfiguration;
			buildSettings = {
				ALWAYS_SEARCH_USER_PATHS = NO;
				CLANG_CXX_LANGUAGE_STANDARD = "gnu++0x";
				CLANG_CXX_LIBRARY = "libc++";
				CLANG_ENABLE_MODULES = YES;
				CLANG_ENABLE_OBJC_ARC = YES;
				CLANG_WARN_BOOL_CONVERSION = YES;
				CLANG_WARN_CONSTANT_CONVERSION = YES;
				CLANG_WARN_DIRECT_OBJC_ISA_USAGE = YES_ERROR;
				CLANG_WARN_EMPTY_BODY = YES;
				CLANG_WARN_ENUM_CONVERSION = YES;
				CLANG_WARN_INT_CONVERSION = YES;
				CLANG_WARN_OBJC_ROOT_CLASS = YES_ERROR;
				CLANG_WARN__DUPLICATE_METHOD_MATCH = YES;
				"CODE_SIGN_IDENTITY[sdk=iphoneos*]" = "iPhone Developer";
				COPY_PHASE_STRIP = YES;
				ENABLE_NS_ASSERTIONS = NO;
				GCC_C_LANGUAGE_STANDARD = gnu99;
				GCC_WARN_64_TO_32_BIT_CONVERSION = YES;
				GCC_WARN_ABOUT_RETURN_TYPE = YES_ERROR;
				GCC_WARN_UNDECLARED_SELECTOR = YES;
				GCC_WARN_UNINITIALIZED_AUTOS = YES;
				GCC_WARN_UNUSED_FUNCTION = YES;
				GCC_WARN_UNUSED_VARIABLE = YES;
				IPHONEOS_DEPLOYMENT_TARGET = 7.0;
				SDKROOT = iphoneos;
				TARGETED_DEVICE_FAMILY = "1,2";
				VALIDATE_PRODUCT = YES;
			};
			name = Release;
		};
		196251551888FC6E00448004 /* Debug */ = {
			isa = XCBuildConfiguration;
			buildSettings = {
				ASSETCATALOG_COMPILER_APPICON_NAME = AppIcon;
				ASSETCATALOG_COMPILER_LAUNCHIMAGE_NAME = LaunchImage;
				GCC_PRECOMPILE_PREFIX_HEADER = YES;
				GCC_PREFIX_HEADER = "MMApp/MMApp-Prefix.pch";
				INFOPLIST_FILE = "MMApp/MMApp-Info.plist";
				PRODUCT_NAME = "$(TARGET_NAME)";
				WRAPPER_EXTENSION = app;
			};
			name = Debug;
		};
		196251561888FC6E00448004 /* Release */ = {
			isa = XCBuildConfiguration;
			buildSettings = {
				ASSETCATALOG_COMPILER_APPICON_NAME = AppIcon;
				ASSETCATALOG_COMPILER_LAUNCHIMAGE_NAME = LaunchImage;
				GCC_PRECOMPILE_PREFIX_HEADER = YES;
				GCC_PREFIX_HEADER = "MMApp/MMApp-Prefix.pch";
				INFOPLIST_FILE = "MMApp/MMApp-Info.plist";
				PRODUCT_NAME = "$(TARGET_NAME)";
				WRAPPER_EXTENSION = app;
			};
			name = Release;
		};
		196251581888FC6E00448004 /* Debug */ = {
			isa = XCBuildConfiguration;
			buildSettings = {
				BUNDLE_LOADER = "$(BUILT_PRODUCTS_DIR)/MMApp.app/MMApp";
				FRAMEWORK_SEARCH_PATHS = (
					"$(SDKROOT)/Developer/Library/Frameworks",
					"$(inherited)",
					"$(DEVELOPER_FRAMEWORKS_DIR)",
				);
				GCC_PRECOMPILE_PREFIX_HEADER = YES;
				GCC_PREFIX_HEADER = "MMApp/MMApp-Prefix.pch";
				GCC_PREPROCESSOR_DEFINITIONS = (
					"DEBUG=1",
					"$(inherited)",
				);
				INFOPLIST_FILE = "MMAppTests/MMAppTests-Info.plist";
				PRODUCT_NAME = "$(TARGET_NAME)";
				TEST_HOST = "$(BUNDLE_LOADER)";
				WRAPPER_EXTENSION = xctest;
			};
			name = Debug;
		};
		196251591888FC6E00448004 /* Release */ = {
			isa = XCBuildConfiguration;
			buildSettings = {
				BUNDLE_LOADER = "$(BUILT_PRODUCTS_DIR)/MMApp.app/MMApp";
				FRAMEWORK_SEARCH_PATHS = (
					"$(SDKROOT)/Developer/Library/Frameworks",
					"$(inherited)",
					"$(DEVELOPER_FRAMEWORKS_DIR)",
				);
				GCC_PRECOMPILE_PREFIX_HEADER = YES;
				GCC_PREFIX_HEADER = "MMApp/MMApp-Prefix.pch";
				INFOPLIST_FILE = "MMAppTests/MMAppTests-Info.plist";
				PRODUCT_NAME = "$(TARGET_NAME)";
				TEST_HOST = "$(BUNDLE_LOADER)";
				WRAPPER_EXTENSION = xctest;
			};
			name = Release;
		};
/* End XCBuildConfiguration section */

/* Begin XCConfigurationList section */
		1962511A1888FC6E00448004 /* Build configuration list for PBXProject "MMApp" */ = {
			isa = XCConfigurationList;
			buildConfigurations = (
				196251521888FC6E00448004 /* Debug */,
				196251531888FC6E00448004 /* Release */,
			);
			defaultConfigurationIsVisible = 0;
			defaultConfigurationName = Release;
		};
		196251541888FC6E00448004 /* Build configuration list for PBXNativeTarget "MMApp" */ = {
			isa = XCConfigurationList;
			buildConfigurations = (
				196251551888FC6E00448004 /* Debug */,
				196251561888FC6E00448004 /* Release */,
			);
			defaultConfigurationIsVisible = 0;
			defaultConfigurationName = Release;
		};
		196251571888FC6E00448004 /* Build configuration list for PBXNativeTarget "MMAppTests" */ = {
			isa = XCConfigurationList;
			buildConfigurations = (
				196251581888FC6E00448004 /* Debug */,
				196251591888FC6E00448004 /* Release */,
			);
			defaultConfigurationIsVisible = 0;
			defaultConfigurationName = Release;
		};
/* End XCConfigurationList section */
	};
	rootObject = 196251171888FC6E00448004 /* Project object */;
}
