// !$*UTF8*$!
{
	archiveVersion = 1;
	classes = {
	};
	objectVersion = 46;
	objects = {

/* Begin PBXBuildFile section */
		DE33476218A50BE200CCE224 /* RecogGameViewController.m in Sources */ = {isa = PBXBuildFile; fileRef = DE33476118A50BE200CCE224 /* RecogGameViewController.m */; };
		DE33476518A62F4E00CCE224 /* Logger.m in Sources */ = {isa = PBXBuildFile; fileRef = DE33476418A62F4E00CCE224 /* Logger.m */; };
		DE33476818A62FE100CCE224 /* JSONKit.m in Sources */ = {isa = PBXBuildFile; fileRef = DE33476718A62FE100CCE224 /* JSONKit.m */; settings = {COMPILER_FLAGS = "-fno-objc-arc"; }; };
		DE33687518B45E8A003E9C01 /* test.json in Resources */ = {isa = PBXBuildFile; fileRef = DE33687418B45E8A003E9C01 /* test.json */; };
		DE33687718B46609003E9C01 /* textlogo.png in Resources */ = {isa = PBXBuildFile; fileRef = DE33687618B46609003E9C01 /* textlogo.png */; };
		DEA93CCF18A4C9E90046FF83 /* Foundation.framework in Frameworks */ = {isa = PBXBuildFile; fileRef = DEA93CCE18A4C9E90046FF83 /* Foundation.framework */; };
		DEA93CD118A4C9E90046FF83 /* CoreGraphics.framework in Frameworks */ = {isa = PBXBuildFile; fileRef = DEA93CD018A4C9E90046FF83 /* CoreGraphics.framework */; };
		DEA93CD318A4C9E90046FF83 /* UIKit.framework in Frameworks */ = {isa = PBXBuildFile; fileRef = DEA93CD218A4C9E90046FF83 /* UIKit.framework */; };
		DEA93CD918A4C9E90046FF83 /* InfoPlist.strings in Resources */ = {isa = PBXBuildFile; fileRef = DEA93CD718A4C9E90046FF83 /* InfoPlist.strings */; };
		DEA93CDB18A4C9E90046FF83 /* main.m in Sources */ = {isa = PBXBuildFile; fileRef = DEA93CDA18A4C9E90046FF83 /* main.m */; };
		DEA93CDF18A4C9E90046FF83 /* IMDAppDelegate.m in Sources */ = {isa = PBXBuildFile; fileRef = DEA93CDE18A4C9E90046FF83 /* IMDAppDelegate.m */; };
		DEA93CE218A4C9E90046FF83 /* Main.storyboard in Resources */ = {isa = PBXBuildFile; fileRef = DEA93CE018A4C9E90046FF83 /* Main.storyboard */; };
		DEA93CE718A4C9E90046FF83 /* Images.xcassets in Resources */ = {isa = PBXBuildFile; fileRef = DEA93CE618A4C9E90046FF83 /* Images.xcassets */; };
		DEA93CEE18A4C9E90046FF83 /* XCTest.framework in Frameworks */ = {isa = PBXBuildFile; fileRef = DEA93CED18A4C9E90046FF83 /* XCTest.framework */; };
		DEA93CEF18A4C9E90046FF83 /* Foundation.framework in Frameworks */ = {isa = PBXBuildFile; fileRef = DEA93CCE18A4C9E90046FF83 /* Foundation.framework */; };
		DEA93CF018A4C9E90046FF83 /* UIKit.framework in Frameworks */ = {isa = PBXBuildFile; fileRef = DEA93CD218A4C9E90046FF83 /* UIKit.framework */; };
		DEA93CF818A4C9E90046FF83 /* InfoPlist.strings in Resources */ = {isa = PBXBuildFile; fileRef = DEA93CF618A4C9E90046FF83 /* InfoPlist.strings */; };
		DEA93CFA18A4C9E90046FF83 /* RecogGameTests.m in Sources */ = {isa = PBXBuildFile; fileRef = DEA93CF918A4C9E90046FF83 /* RecogGameTests.m */; };
		DEA93D0518A4CEBF0046FF83 /* IntroductionViewController.m in Sources */ = {isa = PBXBuildFile; fileRef = DEA93D0418A4CEBF0046FF83 /* IntroductionViewController.m */; };
		DEA93D0818A4CEE50046FF83 /* AddProfileViewController.m in Sources */ = {isa = PBXBuildFile; fileRef = DEA93D0718A4CEE50046FF83 /* AddProfileViewController.m */; };
		DEA93D0B18A4CF030046FF83 /* SelectProfileViewController.m in Sources */ = {isa = PBXBuildFile; fileRef = DEA93D0A18A4CF030046FF83 /* SelectProfileViewController.m */; };
		DEA93D0E18A4CFC90046FF83 /* Profile.m in Sources */ = {isa = PBXBuildFile; fileRef = DEA93D0D18A4CFC90046FF83 /* Profile.m */; };
		DEA93D1118A4D97E0046FF83 /* ProfileManager.m in Sources */ = {isa = PBXBuildFile; fileRef = DEA93D1018A4D97E0046FF83 /* ProfileManager.m */; };
/* End PBXBuildFile section */

/* Begin PBXContainerItemProxy section */
		DEA93CF118A4C9E90046FF83 /* PBXContainerItemProxy */ = {
			isa = PBXContainerItemProxy;
			containerPortal = DEA93CC318A4C9E90046FF83 /* Project object */;
			proxyType = 1;
			remoteGlobalIDString = DEA93CCA18A4C9E90046FF83;
			remoteInfo = RecogGame;
		};
/* End PBXContainerItemProxy section */

/* Begin PBXFileReference section */
		DE33476018A50BE200CCE224 /* RecogGameViewController.h */ = {isa = PBXFileReference; fileEncoding = 4; lastKnownFileType = sourcecode.c.h; path = RecogGameViewController.h; sourceTree = "<group>"; };
		DE33476118A50BE200CCE224 /* RecogGameViewController.m */ = {isa = PBXFileReference; fileEncoding = 4; lastKnownFileType = sourcecode.c.objc; path = RecogGameViewController.m; sourceTree = "<group>"; };
		DE33476318A62F4E00CCE224 /* Logger.h */ = {isa = PBXFileReference; fileEncoding = 4; lastKnownFileType = sourcecode.c.h; path = Logger.h; sourceTree = "<group>"; };
		DE33476418A62F4E00CCE224 /* Logger.m */ = {isa = PBXFileReference; fileEncoding = 4; lastKnownFileType = sourcecode.c.objc; path = Logger.m; sourceTree = "<group>"; };
		DE33476618A62FE100CCE224 /* JSONKit.h */ = {isa = PBXFileReference; fileEncoding = 4; lastKnownFileType = sourcecode.c.h; path = JSONKit.h; sourceTree = "<group>"; };
		DE33476718A62FE100CCE224 /* JSONKit.m */ = {isa = PBXFileReference; fileEncoding = 4; lastKnownFileType = sourcecode.c.objc; path = JSONKit.m; sourceTree = "<group>"; };
		DE33687418B45E8A003E9C01 /* test.json */ = {isa = PBXFileReference; fileEncoding = 4; lastKnownFileType = text.json; path = test.json; sourceTree = "<group>"; };
		DE33687618B46609003E9C01 /* textlogo.png */ = {isa = PBXFileReference; lastKnownFileType = image.png; path = textlogo.png; sourceTree = "<group>"; };
		DEA93CCB18A4C9E90046FF83 /* Recognize.app */ = {isa = PBXFileReference; explicitFileType = wrapper.application; includeInIndex = 0; path = Recognize.app; sourceTree = BUILT_PRODUCTS_DIR; };
		DEA93CCE18A4C9E90046FF83 /* Foundation.framework */ = {isa = PBXFileReference; lastKnownFileType = wrapper.framework; name = Foundation.framework; path = System/Library/Frameworks/Foundation.framework; sourceTree = SDKROOT; };
		DEA93CD018A4C9E90046FF83 /* CoreGraphics.framework */ = {isa = PBXFileReference; lastKnownFileType = wrapper.framework; name = CoreGraphics.framework; path = System/Library/Frameworks/CoreGraphics.framework; sourceTree = SDKROOT; };
		DEA93CD218A4C9E90046FF83 /* UIKit.framework */ = {isa = PBXFileReference; lastKnownFileType = wrapper.framework; name = UIKit.framework; path = System/Library/Frameworks/UIKit.framework; sourceTree = SDKROOT; };
		DEA93CD618A4C9E90046FF83 /* RecogGame-Info.plist */ = {isa = PBXFileReference; lastKnownFileType = text.plist.xml; path = "RecogGame-Info.plist"; sourceTree = "<group>"; };
		DEA93CD818A4C9E90046FF83 /* en */ = {isa = PBXFileReference; lastKnownFileType = text.plist.strings; name = en; path = en.lproj/InfoPlist.strings; sourceTree = "<group>"; };
		DEA93CDA18A4C9E90046FF83 /* main.m */ = {isa = PBXFileReference; lastKnownFileType = sourcecode.c.objc; path = main.m; sourceTree = "<group>"; };
		DEA93CDC18A4C9E90046FF83 /* RecogGame-Prefix.pch */ = {isa = PBXFileReference; lastKnownFileType = sourcecode.c.h; path = "RecogGame-Prefix.pch"; sourceTree = "<group>"; };
		DEA93CDD18A4C9E90046FF83 /* IMDAppDelegate.h */ = {isa = PBXFileReference; lastKnownFileType = sourcecode.c.h; path = IMDAppDelegate.h; sourceTree = "<group>"; };
		DEA93CDE18A4C9E90046FF83 /* IMDAppDelegate.m */ = {isa = PBXFileReference; lastKnownFileType = sourcecode.c.objc; path = IMDAppDelegate.m; sourceTree = "<group>"; };
		DEA93CE118A4C9E90046FF83 /* Base */ = {isa = PBXFileReference; lastKnownFileType = file.storyboard; name = Base; path = Base.lproj/Main.storyboard; sourceTree = "<group>"; };
		DEA93CE618A4C9E90046FF83 /* Images.xcassets */ = {isa = PBXFileReference; lastKnownFileType = folder.assetcatalog; path = Images.xcassets; sourceTree = "<group>"; };
		DEA93CEC18A4C9E90046FF83 /* RecogGameTests.xctest */ = {isa = PBXFileReference; explicitFileType = wrapper.cfbundle; includeInIndex = 0; path = RecogGameTests.xctest; sourceTree = BUILT_PRODUCTS_DIR; };
		DEA93CED18A4C9E90046FF83 /* XCTest.framework */ = {isa = PBXFileReference; lastKnownFileType = wrapper.framework; name = XCTest.framework; path = Library/Frameworks/XCTest.framework; sourceTree = DEVELOPER_DIR; };
		DEA93CF518A4C9E90046FF83 /* RecogGameTests-Info.plist */ = {isa = PBXFileReference; lastKnownFileType = text.plist.xml; path = "RecogGameTests-Info.plist"; sourceTree = "<group>"; };
		DEA93CF718A4C9E90046FF83 /* en */ = {isa = PBXFileReference; lastKnownFileType = text.plist.strings; name = en; path = en.lproj/InfoPlist.strings; sourceTree = "<group>"; };
		DEA93CF918A4C9E90046FF83 /* RecogGameTests.m */ = {isa = PBXFileReference; lastKnownFileType = sourcecode.c.objc; path = RecogGameTests.m; sourceTree = "<group>"; };
		DEA93D0318A4CEBF0046FF83 /* IntroductionViewController.h */ = {isa = PBXFileReference; fileEncoding = 4; lastKnownFileType = sourcecode.c.h; path = IntroductionViewController.h; sourceTree = "<group>"; };
		DEA93D0418A4CEBF0046FF83 /* IntroductionViewController.m */ = {isa = PBXFileReference; fileEncoding = 4; lastKnownFileType = sourcecode.c.objc; path = IntroductionViewController.m; sourceTree = "<group>"; };
		DEA93D0618A4CEE50046FF83 /* AddProfileViewController.h */ = {isa = PBXFileReference; fileEncoding = 4; lastKnownFileType = sourcecode.c.h; path = AddProfileViewController.h; sourceTree = "<group>"; };
		DEA93D0718A4CEE50046FF83 /* AddProfileViewController.m */ = {isa = PBXFileReference; fileEncoding = 4; lastKnownFileType = sourcecode.c.objc; path = AddProfileViewController.m; sourceTree = "<group>"; };
		DEA93D0918A4CF030046FF83 /* SelectProfileViewController.h */ = {isa = PBXFileReference; fileEncoding = 4; lastKnownFileType = sourcecode.c.h; path = SelectProfileViewController.h; sourceTree = "<group>"; };
		DEA93D0A18A4CF030046FF83 /* SelectProfileViewController.m */ = {isa = PBXFileReference; fileEncoding = 4; lastKnownFileType = sourcecode.c.objc; path = SelectProfileViewController.m; sourceTree = "<group>"; };
		DEA93D0C18A4CFC90046FF83 /* Profile.h */ = {isa = PBXFileReference; fileEncoding = 4; lastKnownFileType = sourcecode.c.h; path = Profile.h; sourceTree = "<group>"; };
		DEA93D0D18A4CFC90046FF83 /* Profile.m */ = {isa = PBXFileReference; fileEncoding = 4; lastKnownFileType = sourcecode.c.objc; path = Profile.m; sourceTree = "<group>"; };
		DEA93D0F18A4D97E0046FF83 /* ProfileManager.h */ = {isa = PBXFileReference; fileEncoding = 4; lastKnownFileType = sourcecode.c.h; path = ProfileManager.h; sourceTree = "<group>"; };
		DEA93D1018A4D97E0046FF83 /* ProfileManager.m */ = {isa = PBXFileReference; fileEncoding = 4; lastKnownFileType = sourcecode.c.objc; path = ProfileManager.m; sourceTree = "<group>"; };
/* End PBXFileReference section */

/* Begin PBXFrameworksBuildPhase section */
		DEA93CC818A4C9E90046FF83 /* Frameworks */ = {
			isa = PBXFrameworksBuildPhase;
			buildActionMask = 2147483647;
			files = (
				DEA93CD118A4C9E90046FF83 /* CoreGraphics.framework in Frameworks */,
				DEA93CD318A4C9E90046FF83 /* UIKit.framework in Frameworks */,
				DEA93CCF18A4C9E90046FF83 /* Foundation.framework in Frameworks */,
			);
			runOnlyForDeploymentPostprocessing = 0;
		};
		DEA93CE918A4C9E90046FF83 /* Frameworks */ = {
			isa = PBXFrameworksBuildPhase;
			buildActionMask = 2147483647;
			files = (
				DEA93CEE18A4C9E90046FF83 /* XCTest.framework in Frameworks */,
				DEA93CF018A4C9E90046FF83 /* UIKit.framework in Frameworks */,
				DEA93CEF18A4C9E90046FF83 /* Foundation.framework in Frameworks */,
			);
			runOnlyForDeploymentPostprocessing = 0;
		};
/* End PBXFrameworksBuildPhase section */

/* Begin PBXGroup section */
		DE33687818B46612003E9C01 /* files */ = {
			isa = PBXGroup;
			children = (
				DE33687618B46609003E9C01 /* textlogo.png */,
				DE33687418B45E8A003E9C01 /* test.json */,
			);
			name = files;
			sourceTree = "<group>";
		};
		DEA93CC218A4C9E90046FF83 = {
			isa = PBXGroup;
			children = (
				DEA93CD418A4C9E90046FF83 /* RecogGame */,
				DEA93CF318A4C9E90046FF83 /* RecogGameTests */,
				DEA93CCD18A4C9E90046FF83 /* Frameworks */,
				DEA93CCC18A4C9E90046FF83 /* Products */,
			);
			sourceTree = "<group>";
		};
		DEA93CCC18A4C9E90046FF83 /* Products */ = {
			isa = PBXGroup;
			children = (
				DEA93CCB18A4C9E90046FF83 /* Recognize.app */,
				DEA93CEC18A4C9E90046FF83 /* RecogGameTests.xctest */,
			);
			name = Products;
			sourceTree = "<group>";
		};
		DEA93CCD18A4C9E90046FF83 /* Frameworks */ = {
			isa = PBXGroup;
			children = (
				DEA93CCE18A4C9E90046FF83 /* Foundation.framework */,
				DEA93CD018A4C9E90046FF83 /* CoreGraphics.framework */,
				DEA93CD218A4C9E90046FF83 /* UIKit.framework */,
				DEA93CED18A4C9E90046FF83 /* XCTest.framework */,
			);
			name = Frameworks;
			sourceTree = "<group>";
		};
		DEA93CD418A4C9E90046FF83 /* RecogGame */ = {
			isa = PBXGroup;
			children = (
				DE33687818B46612003E9C01 /* files */,
				DEA93CDD18A4C9E90046FF83 /* IMDAppDelegate.h */,
				DEA93CDE18A4C9E90046FF83 /* IMDAppDelegate.m */,
				DE33476618A62FE100CCE224 /* JSONKit.h */,
				DE33476718A62FE100CCE224 /* JSONKit.m */,
				DE33476318A62F4E00CCE224 /* Logger.h */,
				DE33476418A62F4E00CCE224 /* Logger.m */,
				DEA93D0C18A4CFC90046FF83 /* Profile.h */,
				DEA93D0D18A4CFC90046FF83 /* Profile.m */,
				DEA93D0F18A4D97E0046FF83 /* ProfileManager.h */,
				DEA93D1018A4D97E0046FF83 /* ProfileManager.m */,
				DE33476018A50BE200CCE224 /* RecogGameViewController.h */,
				DE33476118A50BE200CCE224 /* RecogGameViewController.m */,
				DEA93D0318A4CEBF0046FF83 /* IntroductionViewController.h */,
				DEA93D0418A4CEBF0046FF83 /* IntroductionViewController.m */,
				DEA93D0618A4CEE50046FF83 /* AddProfileViewController.h */,
				DEA93D0718A4CEE50046FF83 /* AddProfileViewController.m */,
				DEA93D0918A4CF030046FF83 /* SelectProfileViewController.h */,
				DEA93D0A18A4CF030046FF83 /* SelectProfileViewController.m */,
				DEA93CE018A4C9E90046FF83 /* Main.storyboard */,
				DEA93CE618A4C9E90046FF83 /* Images.xcassets */,
				DEA93CD518A4C9E90046FF83 /* Supporting Files */,
			);
			path = RecogGame;
			sourceTree = "<group>";
		};
		DEA93CD518A4C9E90046FF83 /* Supporting Files */ = {
			isa = PBXGroup;
			children = (
				DEA93CD618A4C9E90046FF83 /* RecogGame-Info.plist */,
				DEA93CD718A4C9E90046FF83 /* InfoPlist.strings */,
				DEA93CDA18A4C9E90046FF83 /* main.m */,
				DEA93CDC18A4C9E90046FF83 /* RecogGame-Prefix.pch */,
			);
			name = "Supporting Files";
			sourceTree = "<group>";
		};
		DEA93CF318A4C9E90046FF83 /* RecogGameTests */ = {
			isa = PBXGroup;
			children = (
				DEA93CF918A4C9E90046FF83 /* RecogGameTests.m */,
				DEA93CF418A4C9E90046FF83 /* Supporting Files */,
			);
			path = RecogGameTests;
			sourceTree = "<group>";
		};
		DEA93CF418A4C9E90046FF83 /* Supporting Files */ = {
			isa = PBXGroup;
			children = (
				DEA93CF518A4C9E90046FF83 /* RecogGameTests-Info.plist */,
				DEA93CF618A4C9E90046FF83 /* InfoPlist.strings */,
			);
			name = "Supporting Files";
			sourceTree = "<group>";
		};
/* End PBXGroup section */

/* Begin PBXNativeTarget section */
		DEA93CCA18A4C9E90046FF83 /* RecogGame */ = {
			isa = PBXNativeTarget;
			buildConfigurationList = DEA93CFD18A4C9E90046FF83 /* Build configuration list for PBXNativeTarget "RecogGame" */;
			buildPhases = (
				DEA93CC718A4C9E90046FF83 /* Sources */,
				DEA93CC818A4C9E90046FF83 /* Frameworks */,
				DEA93CC918A4C9E90046FF83 /* Resources */,
			);
			buildRules = (
			);
			dependencies = (
			);
			name = RecogGame;
			productName = RecogGame;
			productReference = DEA93CCB18A4C9E90046FF83 /* Recognize.app */;
			productType = "com.apple.product-type.application";
		};
		DEA93CEB18A4C9E90046FF83 /* RecogGameTests */ = {
			isa = PBXNativeTarget;
			buildConfigurationList = DEA93D0018A4C9E90046FF83 /* Build configuration list for PBXNativeTarget "RecogGameTests" */;
			buildPhases = (
				DEA93CE818A4C9E90046FF83 /* Sources */,
				DEA93CE918A4C9E90046FF83 /* Frameworks */,
				DEA93CEA18A4C9E90046FF83 /* Resources */,
			);
			buildRules = (
			);
			dependencies = (
				DEA93CF218A4C9E90046FF83 /* PBXTargetDependency */,
			);
			name = RecogGameTests;
			productName = RecogGameTests;
			productReference = DEA93CEC18A4C9E90046FF83 /* RecogGameTests.xctest */;
			productType = "com.apple.product-type.bundle.unit-test";
		};
/* End PBXNativeTarget section */

/* Begin PBXProject section */
		DEA93CC318A4C9E90046FF83 /* Project object */ = {
			isa = PBXProject;
			attributes = {
				CLASSPREFIX = IMD;
				LastUpgradeCheck = 0500;
				ORGANIZATIONNAME = "Marc Ericson Santos";
				TargetAttributes = {
					DEA93CCA18A4C9E90046FF83 = {
						DevelopmentTeam = 7CSLH8V4LU;
					};
					DEA93CEB18A4C9E90046FF83 = {
						TestTargetID = DEA93CCA18A4C9E90046FF83;
					};
				};
			};
			buildConfigurationList = DEA93CC618A4C9E90046FF83 /* Build configuration list for PBXProject "RecogGame" */;
			compatibilityVersion = "Xcode 3.2";
			developmentRegion = English;
			hasScannedForEncodings = 0;
			knownRegions = (
				en,
				Base,
			);
			mainGroup = DEA93CC218A4C9E90046FF83;
			productRefGroup = DEA93CCC18A4C9E90046FF83 /* Products */;
			projectDirPath = "";
			projectRoot = "";
			targets = (
				DEA93CCA18A4C9E90046FF83 /* RecogGame */,
				DEA93CEB18A4C9E90046FF83 /* RecogGameTests */,
			);
		};
/* End PBXProject section */

/* Begin PBXResourcesBuildPhase section */
		DEA93CC918A4C9E90046FF83 /* Resources */ = {
			isa = PBXResourcesBuildPhase;
			buildActionMask = 2147483647;
			files = (
				DEA93CE718A4C9E90046FF83 /* Images.xcassets in Resources */,
				DE33687518B45E8A003E9C01 /* test.json in Resources */,
				DEA93CD918A4C9E90046FF83 /* InfoPlist.strings in Resources */,
				DEA93CE218A4C9E90046FF83 /* Main.storyboard in Resources */,
				DE33687718B46609003E9C01 /* textlogo.png in Resources */,
			);
			runOnlyForDeploymentPostprocessing = 0;
		};
		DEA93CEA18A4C9E90046FF83 /* Resources */ = {
			isa = PBXResourcesBuildPhase;
			buildActionMask = 2147483647;
			files = (
				DEA93CF818A4C9E90046FF83 /* InfoPlist.strings in Resources */,
			);
			runOnlyForDeploymentPostprocessing = 0;
		};
/* End PBXResourcesBuildPhase section */

/* Begin PBXSourcesBuildPhase section */
		DEA93CC718A4C9E90046FF83 /* Sources */ = {
			isa = PBXSourcesBuildPhase;
			buildActionMask = 2147483647;
			files = (
				DEA93D0B18A4CF030046FF83 /* SelectProfileViewController.m in Sources */,
				DEA93CDB18A4C9E90046FF83 /* main.m in Sources */,
				DEA93CDF18A4C9E90046FF83 /* IMDAppDelegate.m in Sources */,
				DEA93D1118A4D97E0046FF83 /* ProfileManager.m in Sources */,
				DE33476818A62FE100CCE224 /* JSONKit.m in Sources */,
				DEA93D0E18A4CFC90046FF83 /* Profile.m in Sources */,
				DE33476218A50BE200CCE224 /* RecogGameViewController.m in Sources */,
				DEA93D0818A4CEE50046FF83 /* AddProfileViewController.m in Sources */,
				DE33476518A62F4E00CCE224 /* Logger.m in Sources */,
				DEA93D0518A4CEBF0046FF83 /* IntroductionViewController.m in Sources */,
			);
			runOnlyForDeploymentPostprocessing = 0;
		};
		DEA93CE818A4C9E90046FF83 /* Sources */ = {
			isa = PBXSourcesBuildPhase;
			buildActionMask = 2147483647;
			files = (
				DEA93CFA18A4C9E90046FF83 /* RecogGameTests.m in Sources */,
			);
			runOnlyForDeploymentPostprocessing = 0;
		};
/* End PBXSourcesBuildPhase section */

/* Begin PBXTargetDependency section */
		DEA93CF218A4C9E90046FF83 /* PBXTargetDependency */ = {
			isa = PBXTargetDependency;
			target = DEA93CCA18A4C9E90046FF83 /* RecogGame */;
			targetProxy = DEA93CF118A4C9E90046FF83 /* PBXContainerItemProxy */;
		};
/* End PBXTargetDependency section */

/* Begin PBXVariantGroup section */
		DEA93CD718A4C9E90046FF83 /* InfoPlist.strings */ = {
			isa = PBXVariantGroup;
			children = (
				DEA93CD818A4C9E90046FF83 /* en */,
			);
			name = InfoPlist.strings;
			sourceTree = "<group>";
		};
		DEA93CE018A4C9E90046FF83 /* Main.storyboard */ = {
			isa = PBXVariantGroup;
			children = (
				DEA93CE118A4C9E90046FF83 /* Base */,
			);
			name = Main.storyboard;
			sourceTree = "<group>";
		};
		DEA93CF618A4C9E90046FF83 /* InfoPlist.strings */ = {
			isa = PBXVariantGroup;
			children = (
				DEA93CF718A4C9E90046FF83 /* en */,
			);
			name = InfoPlist.strings;
			sourceTree = "<group>";
		};
/* End PBXVariantGroup section */

/* Begin XCBuildConfiguration section */
		DEA93CFB18A4C9E90046FF83 /* Debug */ = {
			isa = XCBuildConfiguration;
			buildSettings = {
				ALWAYS_SEARCH_USER_PATHS = NO;
				ARCHS = "$(ARCHS_STANDARD_INCLUDING_64_BIT)";
				CLANG_CXX_LANGUAGE_STANDARD = "gnu++0x";
				CLANG_CXX_LIBRARY = "libc++";
				CLANG_ENABLE_MODULES = YES;
				CLANG_ENABLE_OBJC_ARC = YES;
				CLANG_WARN_BOOL_CONVERSION = YES;
				CLANG_WARN_CONSTANT_CONVERSION = YES;
				CLANG_WARN_DIRECT_OBJC_ISA_USAGE = YES_ERROR;
				CLANG_WARN_EMPTY_BODY = YES;
				CLANG_WARN_ENUM_CONVERSION = YES;
				CLANG_WARN_INT_CONVERSION = YES;
				CLANG_WARN_OBJC_ROOT_CLASS = YES_ERROR;
				CLANG_WARN__DUPLICATE_METHOD_MATCH = YES;
				"CODE_SIGN_IDENTITY[sdk=iphoneos*]" = "iPhone Developer";
				COPY_PHASE_STRIP = NO;
				GCC_C_LANGUAGE_STANDARD = gnu99;
				GCC_DYNAMIC_NO_PIC = NO;
				GCC_OPTIMIZATION_LEVEL = 0;
				GCC_PREPROCESSOR_DEFINITIONS = (
					"DEBUG=1",
					"$(inherited)",
				);
				GCC_SYMBOLS_PRIVATE_EXTERN = NO;
				GCC_WARN_64_TO_32_BIT_CONVERSION = YES;
				GCC_WARN_ABOUT_RETURN_TYPE = YES_ERROR;
				GCC_WARN_UNDECLARED_SELECTOR = YES;
				GCC_WARN_UNINITIALIZED_AUTOS = YES;
				GCC_WARN_UNUSED_FUNCTION = YES;
				GCC_WARN_UNUSED_VARIABLE = YES;
				IPHONEOS_DEPLOYMENT_TARGET = 7.0;
				ONLY_ACTIVE_ARCH = YES;
				SDKROOT = iphoneos;
				TARGETED_DEVICE_FAMILY = 2;
			};
			name = Debug;
		};
		DEA93CFC18A4C9E90046FF83 /* Release */ = {
			isa = XCBuildConfiguration;
			buildSettings = {
				ALWAYS_SEARCH_USER_PATHS = NO;
				ARCHS = "$(ARCHS_STANDARD_INCLUDING_64_BIT)";
				CLANG_CXX_LANGUAGE_STANDARD = "gnu++0x";
				CLANG_CXX_LIBRARY = "libc++";
				CLANG_ENABLE_MODULES = YES;
				CLANG_ENABLE_OBJC_ARC = YES;
				CLANG_WARN_BOOL_CONVERSION = YES;
				CLANG_WARN_CONSTANT_CONVERSION = YES;
				CLANG_WARN_DIRECT_OBJC_ISA_USAGE = YES_ERROR;
				CLANG_WARN_EMPTY_BODY = YES;
				CLANG_WARN_ENUM_CONVERSION = YES;
				CLANG_WARN_INT_CONVERSION = YES;
				CLANG_WARN_OBJC_ROOT_CLASS = YES_ERROR;
				CLANG_WARN__DUPLICATE_METHOD_MATCH = YES;
				"CODE_SIGN_IDENTITY[sdk=iphoneos*]" = "iPhone Developer";
				COPY_PHASE_STRIP = YES;
				ENABLE_NS_ASSERTIONS = NO;
				GCC_C_LANGUAGE_STANDARD = gnu99;
				GCC_WARN_64_TO_32_BIT_CONVERSION = YES;
				GCC_WARN_ABOUT_RETURN_TYPE = YES_ERROR;
				GCC_WARN_UNDECLARED_SELECTOR = YES;
				GCC_WARN_UNINITIALIZED_AUTOS = YES;
				GCC_WARN_UNUSED_FUNCTION = YES;
				GCC_WARN_UNUSED_VARIABLE = YES;
				IPHONEOS_DEPLOYMENT_TARGET = 7.0;
				SDKROOT = iphoneos;
				TARGETED_DEVICE_FAMILY = 2;
				VALIDATE_PRODUCT = YES;
			};
			name = Release;
		};
		DEA93CFE18A4C9E90046FF83 /* Debug */ = {
			isa = XCBuildConfiguration;
			buildSettings = {
				ASSETCATALOG_COMPILER_APPICON_NAME = AppIcon;
				ASSETCATALOG_COMPILER_LAUNCHIMAGE_NAME = LaunchImage;
				CODE_SIGN_IDENTITY = "iPhone Developer";
				"CODE_SIGN_IDENTITY[sdk=iphoneos*]" = "iPhone Developer";
				GCC_PRECOMPILE_PREFIX_HEADER = YES;
				GCC_PREFIX_HEADER = "RecogGame/RecogGame-Prefix.pch";
				INFOPLIST_FILE = "RecogGame/RecogGame-Info.plist";
				PRODUCT_NAME = Recognize;
				PROVISIONING_PROFILE = "93621830-C206-4F26-95E8-B1460C5962F1";
				WRAPPER_EXTENSION = app;
			};
			name = Debug;
		};
		DEA93CFF18A4C9E90046FF83 /* Release */ = {
			isa = XCBuildConfiguration;
			buildSettings = {
				ASSETCATALOG_COMPILER_APPICON_NAME = AppIcon;
				ASSETCATALOG_COMPILER_LAUNCHIMAGE_NAME = LaunchImage;
				CODE_SIGN_IDENTITY = "iPhone Developer";
				"CODE_SIGN_IDENTITY[sdk=iphoneos*]" = "iPhone Developer";
				GCC_PRECOMPILE_PREFIX_HEADER = YES;
				GCC_PREFIX_HEADER = "RecogGame/RecogGame-Prefix.pch";
				INFOPLIST_FILE = "RecogGame/RecogGame-Info.plist";
				PRODUCT_NAME = Recognize;
				PROVISIONING_PROFILE = "93621830-C206-4F26-95E8-B1460C5962F1";
				WRAPPER_EXTENSION = app;
			};
			name = Release;
		};
		DEA93D0118A4C9E90046FF83 /* Debug */ = {
			isa = XCBuildConfiguration;
			buildSettings = {
				ARCHS = "$(ARCHS_STANDARD_INCLUDING_64_BIT)";
				BUNDLE_LOADER = "$(BUILT_PRODUCTS_DIR)/RecogGame.app/RecogGame";
				FRAMEWORK_SEARCH_PATHS = (
					"$(SDKROOT)/Developer/Library/Frameworks",
					"$(inherited)",
					"$(DEVELOPER_FRAMEWORKS_DIR)",
				);
				GCC_PRECOMPILE_PREFIX_HEADER = YES;
				GCC_PREFIX_HEADER = "RecogGame/RecogGame-Prefix.pch";
				GCC_PREPROCESSOR_DEFINITIONS = (
					"DEBUG=1",
					"$(inherited)",
				);
				INFOPLIST_FILE = "RecogGameTests/RecogGameTests-Info.plist";
				PRODUCT_NAME = "$(TARGET_NAME)";
				TEST_HOST = "$(BUNDLE_LOADER)";
				WRAPPER_EXTENSION = xctest;
			};
			name = Debug;
		};
		DEA93D0218A4C9E90046FF83 /* Release */ = {
			isa = XCBuildConfiguration;
			buildSettings = {
				ARCHS = "$(ARCHS_STANDARD_INCLUDING_64_BIT)";
				BUNDLE_LOADER = "$(BUILT_PRODUCTS_DIR)/RecogGame.app/RecogGame";
				FRAMEWORK_SEARCH_PATHS = (
					"$(SDKROOT)/Developer/Library/Frameworks",
					"$(inherited)",
					"$(DEVELOPER_FRAMEWORKS_DIR)",
				);
				GCC_PRECOMPILE_PREFIX_HEADER = YES;
				GCC_PREFIX_HEADER = "RecogGame/RecogGame-Prefix.pch";
				INFOPLIST_FILE = "RecogGameTests/RecogGameTests-Info.plist";
				PRODUCT_NAME = "$(TARGET_NAME)";
				TEST_HOST = "$(BUNDLE_LOADER)";
				WRAPPER_EXTENSION = xctest;
			};
			name = Release;
		};
/* End XCBuildConfiguration section */

/* Begin XCConfigurationList section */
		DEA93CC618A4C9E90046FF83 /* Build configuration list for PBXProject "RecogGame" */ = {
			isa = XCConfigurationList;
			buildConfigurations = (
				DEA93CFB18A4C9E90046FF83 /* Debug */,
				DEA93CFC18A4C9E90046FF83 /* Release */,
			);
			defaultConfigurationIsVisible = 0;
			defaultConfigurationName = Release;
		};
		DEA93CFD18A4C9E90046FF83 /* Build configuration list for PBXNativeTarget "RecogGame" */ = {
			isa = XCConfigurationList;
			buildConfigurations = (
				DEA93CFE18A4C9E90046FF83 /* Debug */,
				DEA93CFF18A4C9E90046FF83 /* Release */,
			);
			defaultConfigurationIsVisible = 0;
			defaultConfigurationName = Release;
		};
		DEA93D0018A4C9E90046FF83 /* Build configuration list for PBXNativeTarget "RecogGameTests" */ = {
			isa = XCConfigurationList;
			buildConfigurations = (
				DEA93D0118A4C9E90046FF83 /* Debug */,
				DEA93D0218A4C9E90046FF83 /* Release */,
			);
			defaultConfigurationIsVisible = 0;
			defaultConfigurationName = Release;
		};
/* End XCConfigurationList section */
	};
	rootObject = DEA93CC318A4C9E90046FF83 /* Project object */;
}
